
Microsoft Visual Studio Solution File, Format Version 12.00
# Visual Studio Version 17
VisualStudioVersion = 17.3.32922.545
MinimumVisualStudioVersion = 10.0.40219.1
Project("{8BC9CEB8-8B4A-11D0-8D11-00A0C91BC942}") = "insertLinkedList", "insertLinkedList.vcxproj", "{C9F13737-EC03-45ED-B9DD-553D2BD8A6AE}"
EndProject
Project("{8BC9CEB8-8B4A-11D0-8D11-00A0C91BC942}") = "zaibi lab 6", "..\zaibi lab 6\zaibi lab 6.vcxproj", "{0BF6445A-5149-4DFF-AD78-E7819F02D693}"
EndProject
Global
	GlobalSection(SolutionConfigurationPlatforms) = preSolution
		Debug|x64 = Debug|x64
		Debug|x86 = Debug|x86
		Release|x64 = Release|x64
		Release|x86 = Release|x86
	EndGlobalSection
	GlobalSection(ProjectConfigurationPlatforms) = postSolution
		{C9F13737-EC03-45ED-B9DD-553D2BD8A6AE}.Debug|x64.ActiveCfg = Debug|x64
		{C9F13737-EC03-45ED-B9DD-553D2BD8A6AE}.Debug|x64.Build.0 = Debug|x64
		{C9F13737-EC03-45ED-B9DD-553D2BD8A6AE}.Debug|x86.ActiveCfg = Debug|Win32
		{C9F13737-EC03-45ED-B9DD-553D2BD8A6AE}.Debug|x86.Build.0 = Debug|Win32
		{C9F13737-EC03-45ED-B9DD-553D2BD8A6AE}.Release|x64.ActiveCfg = Release|x64
		{C9F13737-EC03-45ED-B9DD-553D2BD8A6AE}.Release|x64.Build.0 = Release|x64
		{C9F13737-EC03-45ED-B9DD-553D2BD8A6AE}.Release|x86.ActiveCfg = Release|Win32
		{C9F13737-EC03-45ED-B9DD-553D2BD8A6AE}.Release|x86.Build.0 = Release|Win32
		{0BF6445A-5149-4DFF-AD78-E7819F02D693}.Debug|x64.ActiveCfg = Debug|x64
		{0BF6445A-5149-4DFF-AD78-E7819F02D693}.Debug|x64.Build.0 = Debug|x64
		{0BF6445A-5149-4DFF-AD78-E7819F02D693}.Debug|x86.ActiveCfg = Debug|Win32
		{0BF6445A-5149-4DFF-AD78-E7819F02D693}.Debug|x86.Build.0 = Debug|Win32
		{0BF6445A-5149-4DFF-AD78-E7819F02D693}.Release|x64.ActiveCfg = Release|x64
		{0BF6445A-5149-4DFF-AD78-E7819F02D693}.Release|x64.Build.0 = Release|x64
		{0BF6445A-5149-4DFF-AD78-E7819F02D693}.Release|x86.ActiveCfg = Release|Win32
		{0BF6445A-5149-4DFF-AD78-E7819F02D693}.Release|x86.Build.0 = Release|Win32
	EndGlobalSection
	GlobalSection(SolutionProperties) = preSolution
		HideSolutionNode = FALSE
	EndGlobalSection
	GlobalSection(ExtensibilityGlobals) = postSolution
		SolutionGuid = {78564677-DA2E-48FE-83D3-5D4A951C66C2}
	EndGlobalSection
EndGlobal
