
Microsoft Visual Studio Solution File, Format Version 12.00
# Visual Studio Version 17
VisualStudioVersion = 17.3.32922.545
MinimumVisualStudioVersion = 10.0.40219.1
Project("{8BC9CEB8-8B4A-11D0-8D11-00A0C91BC942}") = "DoubleLinkedList", "DoubleLinkedList.vcxproj", "{E60DF3ED-2E48-438B-875C-70ADC7FC28F0}"
EndProject
Project("{8BC9CEB8-8B4A-11D0-8D11-00A0C91BC942}") = "StudentList", "..\StudentList\StudentList.vcxproj", "{7B73BD5A-C62C-4301-866C-453B469ADE06}"
EndProject
Project("{8BC9CEB8-8B4A-11D0-8D11-00A0C91BC942}") = "DoublyLinkedList", "..\DoublyLinkedList\DoublyLinkedList.vcxproj", "{E18FF468-15CC-493F-9EDD-0EBD92FC0F5F}"
EndProject
Global
	GlobalSection(SolutionConfigurationPlatforms) = preSolution
		Debug|x64 = Debug|x64
		Debug|x86 = Debug|x86
		Release|x64 = Release|x64
		Release|x86 = Release|x86
	EndGlobalSection
	GlobalSection(ProjectConfigurationPlatforms) = postSolution
		{E60DF3ED-2E48-438B-875C-70ADC7FC28F0}.Debug|x64.ActiveCfg = Debug|x64
		{E60DF3ED-2E48-438B-875C-70ADC7FC28F0}.Debug|x64.Build.0 = Debug|x64
		{E60DF3ED-2E48-438B-875C-70ADC7FC28F0}.Debug|x86.ActiveCfg = Debug|Win32
		{E60DF3ED-2E48-438B-875C-70ADC7FC28F0}.Debug|x86.Build.0 = Debug|Win32
		{E60DF3ED-2E48-438B-875C-70ADC7FC28F0}.Release|x64.ActiveCfg = Release|x64
		{E60DF3ED-2E48-438B-875C-70ADC7FC28F0}.Release|x64.Build.0 = Release|x64
		{E60DF3ED-2E48-438B-875C-70ADC7FC28F0}.Release|x86.ActiveCfg = Release|Win32
		{E60DF3ED-2E48-438B-875C-70ADC7FC28F0}.Release|x86.Build.0 = Release|Win32
		{7B73BD5A-C62C-4301-866C-453B469ADE06}.Debug|x64.ActiveCfg = Debug|x64
		{7B73BD5A-C62C-4301-866C-453B469ADE06}.Debug|x64.Build.0 = Debug|x64
		{7B73BD5A-C62C-4301-866C-453B469ADE06}.Debug|x86.ActiveCfg = Debug|Win32
		{7B73BD5A-C62C-4301-866C-453B469ADE06}.Debug|x86.Build.0 = Debug|Win32
		{7B73BD5A-C62C-4301-866C-453B469ADE06}.Release|x64.ActiveCfg = Release|x64
		{7B73BD5A-C62C-4301-866C-453B469ADE06}.Release|x64.Build.0 = Release|x64
		{7B73BD5A-C62C-4301-866C-453B469ADE06}.Release|x86.ActiveCfg = Release|Win32
		{7B73BD5A-C62C-4301-866C-453B469ADE06}.Release|x86.Build.0 = Release|Win32
		{E18FF468-15CC-493F-9EDD-0EBD92FC0F5F}.Debug|x64.ActiveCfg = Debug|x64
		{E18FF468-15CC-493F-9EDD-0EBD92FC0F5F}.Debug|x64.Build.0 = Debug|x64
		{E18FF468-15CC-493F-9EDD-0EBD92FC0F5F}.Debug|x86.ActiveCfg = Debug|Win32
		{E18FF468-15CC-493F-9EDD-0EBD92FC0F5F}.Debug|x86.Build.0 = Debug|Win32
		{E18FF468-15CC-493F-9EDD-0EBD92FC0F5F}.Release|x64.ActiveCfg = Release|x64
		{E18FF468-15CC-493F-9EDD-0EBD92FC0F5F}.Release|x64.Build.0 = Release|x64
		{E18FF468-15CC-493F-9EDD-0EBD92FC0F5F}.Release|x86.ActiveCfg = Release|Win32
		{E18FF468-15CC-493F-9EDD-0EBD92FC0F5F}.Release|x86.Build.0 = Release|Win32
	EndGlobalSection
	GlobalSection(SolutionProperties) = preSolution
		HideSolutionNode = FALSE
	EndGlobalSection
	GlobalSection(ExtensibilityGlobals) = postSolution
		SolutionGuid = {A5F8EB06-0D92-43C8-ADC4-B347478C648F}
	EndGlobalSection
EndGlobal
